
Microsoft Visual Studio Solution File, Format Version 12.00
# Visual Studio Version 17
VisualStudioVersion = 17.7.34202.233
MinimumVisualStudioVersion = 10.0.40219.1
Project("{FAE04EC0-301F-11D3-BF4B-00C04F79EFBC}") = "Assignment2.Web", "Assignment2.Web\Assignment2.Web.csproj", "{280C2552-49C1-4E36-B6D5-CF809B50903E}"
EndProject
Global
	GlobalSection(SolutionConfigurationPlatforms) = preSolution
		Debug|Any CPU = Debug|Any CPU
		Release|Any CPU = Release|Any CPU
	EndGlobalSection
	GlobalSection(ProjectConfigurationPlatforms) = postSolution
		{280C2552-49C1-4E36-B6D5-CF809B50903E}.Debug|Any CPU.ActiveCfg = Debug|Any CPU
		{280C2552-49C1-4E36-B6D5-CF809B50903E}.Debug|Any CPU.Build.0 = Debug|Any CPU
		{280C2552-49C1-4E36-B6D5-CF809B50903E}.Release|Any CPU.ActiveCfg = Release|Any CPU
		{280C2552-49C1-4E36-B6D5-CF809B50903E}.Release|Any CPU.Build.0 = Release|Any CPU
	EndGlobalSection
	GlobalSection(SolutionProperties) = preSolution
		HideSolutionNode = FALSE
	EndGlobalSection
	GlobalSection(ExtensibilityGlobals) = postSolution
		SolutionGuid = {E55F17B6-CABB-43CE-A824-FC1B20760DE5}
	EndGlobalSection
EndGlobal
