
Microsoft Visual Studio Solution File, Format Version 12.00
# Visual Studio Version 17
VisualStudioVersion = 17.7.34031.279
MinimumVisualStudioVersion = 10.0.40219.1
Project("{9A19103F-16F7-4668-BE54-9A1E7A4F7556}") = "primaryConstructor", "primaryConstructor\primaryConstructor.csproj", "{1590E2EC-0182-4B88-9BEA-53E1A2EC3B39}"
EndProject
Project("{9A19103F-16F7-4668-BE54-9A1E7A4F7556}") = "Reflection", "Reflection\Reflection.csproj", "{DAC5BB69-5007-4079-A7D2-6A917F6CD4CC}"
EndProject
Project("{9A19103F-16F7-4668-BE54-9A1E7A4F7556}") = "ReflectionLib", "ReflectionLib\ReflectionLib.csproj", "{742395B8-C146-406F-9077-D0EBFE375078}"
EndProject
Project("{9A19103F-16F7-4668-BE54-9A1E7A4F7556}") = "ReflectionTester", "ReflectionTester\ReflectionTester.csproj", "{5C48BEAD-C9E1-4957-87B0-AE8B144572B9}"
EndProject
Project("{9A19103F-16F7-4668-BE54-9A1E7A4F7556}") = "ReflectionPet", "ReflectionPet\ReflectionPet.csproj", "{47038408-013B-44AB-8CEA-1002ECDBFC2C}"
EndProject
Project("{9A19103F-16F7-4668-BE54-9A1E7A4F7556}") = "ExternalAssemblyDynamicLib", "ExternalAssemblyDynamicLib\ExternalAssemblyDynamicLib.csproj", "{9DC4845D-BE3B-4BD2-A5D7-BA7E4F44558A}"
EndProject
Project("{FAE04EC0-301F-11D3-BF4B-00C04F79EFBC}") = "AssemblyDynamicTester", "AssemblyDynamicTester\AssemblyDynamicTester.csproj", "{A3C23F95-9997-40C6-BFC3-CCD12D261847}"
EndProject
Global
	GlobalSection(SolutionConfigurationPlatforms) = preSolution
		Debug|Any CPU = Debug|Any CPU
		Release|Any CPU = Release|Any CPU
	EndGlobalSection
	GlobalSection(ProjectConfigurationPlatforms) = postSolution
		{1590E2EC-0182-4B88-9BEA-53E1A2EC3B39}.Debug|Any CPU.ActiveCfg = Debug|Any CPU
		{1590E2EC-0182-4B88-9BEA-53E1A2EC3B39}.Debug|Any CPU.Build.0 = Debug|Any CPU
		{1590E2EC-0182-4B88-9BEA-53E1A2EC3B39}.Release|Any CPU.ActiveCfg = Release|Any CPU
		{1590E2EC-0182-4B88-9BEA-53E1A2EC3B39}.Release|Any CPU.Build.0 = Release|Any CPU
		{DAC5BB69-5007-4079-A7D2-6A917F6CD4CC}.Debug|Any CPU.ActiveCfg = Debug|Any CPU
		{DAC5BB69-5007-4079-A7D2-6A917F6CD4CC}.Debug|Any CPU.Build.0 = Debug|Any CPU
		{DAC5BB69-5007-4079-A7D2-6A917F6CD4CC}.Release|Any CPU.ActiveCfg = Release|Any CPU
		{DAC5BB69-5007-4079-A7D2-6A917F6CD4CC}.Release|Any CPU.Build.0 = Release|Any CPU
		{742395B8-C146-406F-9077-D0EBFE375078}.Debug|Any CPU.ActiveCfg = Debug|Any CPU
		{742395B8-C146-406F-9077-D0EBFE375078}.Debug|Any CPU.Build.0 = Debug|Any CPU
		{742395B8-C146-406F-9077-D0EBFE375078}.Release|Any CPU.ActiveCfg = Release|Any CPU
		{742395B8-C146-406F-9077-D0EBFE375078}.Release|Any CPU.Build.0 = Release|Any CPU
		{5C48BEAD-C9E1-4957-87B0-AE8B144572B9}.Debug|Any CPU.ActiveCfg = Debug|Any CPU
		{5C48BEAD-C9E1-4957-87B0-AE8B144572B9}.Debug|Any CPU.Build.0 = Debug|Any CPU
		{5C48BEAD-C9E1-4957-87B0-AE8B144572B9}.Release|Any CPU.ActiveCfg = Release|Any CPU
		{5C48BEAD-C9E1-4957-87B0-AE8B144572B9}.Release|Any CPU.Build.0 = Release|Any CPU
		{47038408-013B-44AB-8CEA-1002ECDBFC2C}.Debug|Any CPU.ActiveCfg = Debug|Any CPU
		{47038408-013B-44AB-8CEA-1002ECDBFC2C}.Debug|Any CPU.Build.0 = Debug|Any CPU
		{47038408-013B-44AB-8CEA-1002ECDBFC2C}.Release|Any CPU.ActiveCfg = Release|Any CPU
		{47038408-013B-44AB-8CEA-1002ECDBFC2C}.Release|Any CPU.Build.0 = Release|Any CPU
		{9DC4845D-BE3B-4BD2-A5D7-BA7E4F44558A}.Debug|Any CPU.ActiveCfg = Debug|Any CPU
		{9DC4845D-BE3B-4BD2-A5D7-BA7E4F44558A}.Debug|Any CPU.Build.0 = Debug|Any CPU
		{9DC4845D-BE3B-4BD2-A5D7-BA7E4F44558A}.Release|Any CPU.ActiveCfg = Release|Any CPU
		{9DC4845D-BE3B-4BD2-A5D7-BA7E4F44558A}.Release|Any CPU.Build.0 = Release|Any CPU
		{A3C23F95-9997-40C6-BFC3-CCD12D261847}.Debug|Any CPU.ActiveCfg = Debug|Any CPU
		{A3C23F95-9997-40C6-BFC3-CCD12D261847}.Debug|Any CPU.Build.0 = Debug|Any CPU
		{A3C23F95-9997-40C6-BFC3-CCD12D261847}.Release|Any CPU.ActiveCfg = Release|Any CPU
		{A3C23F95-9997-40C6-BFC3-CCD12D261847}.Release|Any CPU.Build.0 = Release|Any CPU
	EndGlobalSection
	GlobalSection(SolutionProperties) = preSolution
		HideSolutionNode = FALSE
	EndGlobalSection
	GlobalSection(ExtensibilityGlobals) = postSolution
		SolutionGuid = {1CA7F5B8-E394-46D9-8670-909204D8B1C6}
	EndGlobalSection
EndGlobal
